{
  "name": "aplls-2026",
  "version": "1.0.0",
  "lockfileVersion": 3,
  "requires": true,
  "packages": {
    "": {
      "name": "aplls-2026",
      "version": "1.0.0",
      "license": "MIT",
      "dependencies": {
        "uuid": "^11.1.0"
      },
      "engines": {
        "node": ">=18.0.0"
      }
    },
    "node_modules/uuid": {
      "version": "11.1.0",
      "funding": [
        "https://github.com/sponsors/broofa",
        "https://github.com/sponsors/ctavan"
      ],
      "license": "MIT",
      "bin": {
        "uuid": "dist/esm/bin/uuid"
      }
    }
  }
}
